
Microsoft Visual Studio Solution File, Format Version 12.00
# Visual Studio Version 17
VisualStudioVersion = 17.14.36518.9 d17.14
MinimumVisualStudioVersion = 10.0.40219.1
Project("{FAE04EC0-301F-11D3-BF4B-00C04F79EFBC}") = "SqlToPdfWithAI", "SqlToPdfWithAI\SqlToPdfWithAI.csproj", "{0705F39D-BF68-4A90-98F5-6B8F8A57C0E2}"
EndProject
Global
	GlobalSection(SolutionConfigurationPlatforms) = preSolution
		Debug|Any CPU = Debug|Any CPU
		Release|Any CPU = Release|Any CPU
	EndGlobalSection
	GlobalSection(ProjectConfigurationPlatforms) = postSolution
		{0705F39D-BF68-4A90-98F5-6B8F8A57C0E2}.Debug|Any CPU.ActiveCfg = Debug|Any CPU
		{0705F39D-BF68-4A90-98F5-6B8F8A57C0E2}.Debug|Any CPU.Build.0 = Debug|Any CPU
		{0705F39D-BF68-4A90-98F5-6B8F8A57C0E2}.Release|Any CPU.ActiveCfg = Release|Any CPU
		{0705F39D-BF68-4A90-98F5-6B8F8A57C0E2}.Release|Any CPU.Build.0 = Release|Any CPU
	EndGlobalSection
	GlobalSection(SolutionProperties) = preSolution
		HideSolutionNode = FALSE
	EndGlobalSection
	GlobalSection(ExtensibilityGlobals) = postSolution
		SolutionGuid = {4BFD930B-73FF-44DF-B478-10B6B405E0FA}
	EndGlobalSection
EndGlobal
